github.com/fsnotify/fsnotify v1.7.0 h1:8JEhPFa5W2WU7YfeZzPNqzMP6Lwt7L2715Ggo0nosvA=
github.com/fsnotify/fsnotify v1.7.0/go.mod h1:40Bi/Hjc2AVfZrqy+aj+yEI+/bRxZnMJyTJwOpGvigM=
github.com/go-forks/go-pkg-xmlx v0.0.0-20151201012946-76f54ee73233 h1:NzlXbfxsX5iZ2HyVbVVoxagVdMOaPCBnq+yyt30kRqY=
github.com/go-forks/go-pkg-xmlx v0.0.0-20151201012946-76f54ee73233/go.mod h1:jYltBqPcl3/mN7oFManT61STmLIyCCQbIIH15Di/218=
github.com/grokify/go-util v0.1.0 h1:YpxUk7DNOOKwXejuD0P2A8b9QKtoeAp9t+YwUjJ9Tpo=
github.com/grokify/go-util v0.1.0/go.mod h1:zxIlpS0dXUbYgt6quOqrtmoCpKckjtRzrVnSUNnWuS8=
github.com/metaleap/go-xsd v0.0.0-20180330193350-61f7638f502f h1:eeJGcYszuvOpmuJxeq57LaOO8mJurfjpOHJJMfQSD0s=
github.com/metaleap/go-xsd v0.0.0-20180330193350-61f7638f502f/go.mod h1:WK3zEKtwVd/v+NM3lh1ZE6MdDfHsdOFFOD5Ezi4Hutg=
github.com/metaleap/go-xsd-pkg v0.0.0-20170406225954-08667a7aef37 h1:+rgBDdkgo7NgLJPxtYxe6YKrAWgEu9xUrNuzTG3XA4Y=
github.com/metaleap/go-xsd-pkg v0.0.0-20170406225954-08667a7aef37/go.mod h1:ddGuZ1vXVIlRk4qMwD0y7XbOhJH2yOshbtZppEUGJEk=
golang.org/x/sys v0.25.0 h1:r+8e+loiHxRqhXVl6ML1nO3l1+oFoWbnlu2Ehimmi34=
golang.org/x/sys v0.25.0/go.mod h1:/VUhepiaJMQUp4+oa/7Zr1D23ma6VTLIYjOOTFZPUcA=
golang.org/x/tools/cmd/guru v0.1.1-deprecated h1:WiL3pQGXG71u4N45C0eRkE2IcEMAiQdDZ2H5lGspNjM=
golang.org/x/tools/cmd/guru v0.1.1-deprecated/go.mod h1:yFb7vixnH8+ByFZ63niwlvUUxyTE/6ULZ6AiEHZwlTk=
